
Microsoft Visual Studio Solution File, Format Version 12.00
# Visual Studio Version 17
VisualStudioVersion = 17.4.33213.308
MinimumVisualStudioVersion = 10.0.40219.1
Project("{FAE04EC0-301F-11D3-BF4B-00C04F79EFBC}") = "RestaurantMenuApiHaftaIki", "RestaurantMenuApiHaftaIki.csproj", "{C9401EC9-1145-43F1-BFF4-C3AE1C08EB1D}"
EndProject
Global
	GlobalSection(SolutionConfigurationPlatforms) = preSolution
		Debug|Any CPU = Debug|Any CPU
		Release|Any CPU = Release|Any CPU
	EndGlobalSection
	GlobalSection(ProjectConfigurationPlatforms) = postSolution
		{C9401EC9-1145-43F1-BFF4-C3AE1C08EB1D}.Debug|Any CPU.ActiveCfg = Debug|Any CPU
		{C9401EC9-1145-43F1-BFF4-C3AE1C08EB1D}.Debug|Any CPU.Build.0 = Debug|Any CPU
		{C9401EC9-1145-43F1-BFF4-C3AE1C08EB1D}.Release|Any CPU.ActiveCfg = Release|Any CPU
		{C9401EC9-1145-43F1-BFF4-C3AE1C08EB1D}.Release|Any CPU.Build.0 = Release|Any CPU
	EndGlobalSection
	GlobalSection(SolutionProperties) = preSolution
		HideSolutionNode = FALSE
	EndGlobalSection
	GlobalSection(ExtensibilityGlobals) = postSolution
		SolutionGuid = {812FDF23-3DC6-42DD-BD09-A13573541977}
	EndGlobalSection
EndGlobal
